// !$*UTF8*$!
{
	archiveVersion = 1;
	classes = {
	};
	objectVersion = 77;
	objects = {

/* Begin PBXBuildFile section */
		3105BE572F47211F00268CC4 /* RenovationCalculatorApp.swift in Sources */ = {isa = PBXBuildFile; fileRef = 3105BE562F47211F00268CC4 /* RenovationCalculatorApp.swift */; };
		3105BE592F47211F00268CC4 /* MainEstimateView.swift in Sources */ = {isa = PBXBuildFile; fileRef = 3105BE582F47211F00268CC4 /* MainEstimateView.swift */; };
		3105BE5B2F47212000268CC4 /* Assets.xcassets in Resources */ = {isa = PBXBuildFile; fileRef = 3105BE5A2F47212000268CC4 /* Assets.xcassets */; };
		3105BE642F47236900268CC4 /* Category.swift in Sources */ = {isa = PBXBuildFile; fileRef = 3105BE632F47236900268CC4 /* Category.swift */; };
		3105BE662F4723BB00268CC4 /* WorkSection.swift in Sources */ = {isa = PBXBuildFile; fileRef = 3105BE652F4723BA00268CC4 /* WorkSection.swift */; };
		3105BE682F4723C600268CC4 /* WorkItem.swift in Sources */ = {isa = PBXBuildFile; fileRef = 3105BE672F4723C600268CC4 /* WorkItem.swift */; };
		3105BE6A2F4723DA00268CC4 /* EstimateLine.swift in Sources */ = {isa = PBXBuildFile; fileRef = 3105BE692F4723DA00268CC4 /* EstimateLine.swift */; };
		3105BE702F4724B900268CC4 /* EstimateCalculator.swift in Sources */ = {isa = PBXBuildFile; fileRef = 3105BE6F2F4724B900268CC4 /* EstimateCalculator.swift */; };
		3105BE762F4725FA00268CC4 /* RootView.swift in Sources */ = {isa = PBXBuildFile; fileRef = 3105BE752F4725FA00268CC4 /* RootView.swift */; };
		3105BE782F472A0C00268CC4 /* Catalog.swift in Sources */ = {isa = PBXBuildFile; fileRef = 3105BE772F472A0C00268CC4 /* Catalog.swift */; };
		3105BE7A2F472DFF00268CC4 /* catalog.json in Resources */ = {isa = PBXBuildFile; fileRef = 3105BE792F472DFF00268CC4 /* catalog.json */; };
		3105BE7D2F472F0300268CC4 /* CatalogLoader.swift in Sources */ = {isa = PBXBuildFile; fileRef = 3105BE7C2F472F0300268CC4 /* CatalogLoader.swift */; };
		3105BE7F2F47307400268CC4 /* MainEstimateViewModel.swift in Sources */ = {isa = PBXBuildFile; fileRef = 3105BE7E2F47307400268CC4 /* MainEstimateViewModel.swift */; };
		3155C1A02F63E0C7005C06F1 /* RoomsInputView.swift in Sources */ = {isa = PBXBuildFile; fileRef = 3155C19F2F63E0C7005C06F1 /* RoomsInputView.swift */; };
		3155C1A22F63E0DD005C06F1 /* RoomsInputViewModel.swift in Sources */ = {isa = PBXBuildFile; fileRef = 3155C1A12F63E0DD005C06F1 /* RoomsInputViewModel.swift */; };
		3155C1A72F63FC54005C06F1 /* Extension+View.swift in Sources */ = {isa = PBXBuildFile; fileRef = 3155C1A62F63FC54005C06F1 /* Extension+View.swift */; };
		3155C1A92F640F91005C06F1 /* QuantitySheetView.swift in Sources */ = {isa = PBXBuildFile; fileRef = 3155C1A82F640F91005C06F1 /* QuantitySheetView.swift */; };
		3155C1AD2F642800005C06F1 /* SummarySheetView.swift in Sources */ = {isa = PBXBuildFile; fileRef = 3155C1AC2F642800005C06F1 /* SummarySheetView.swift */; };
		3155C1AF2F642AC0005C06F1 /* FinalEstimateView.swift in Sources */ = {isa = PBXBuildFile; fileRef = 3155C1AE2F642AC0005C06F1 /* FinalEstimateView.swift */; };
/* End PBXBuildFile section */

/* Begin PBXFileReference section */
		3105BE532F47211E00268CC4 /* RenovationCalculator.app */ = {isa = PBXFileReference; explicitFileType = wrapper.application; includeInIndex = 0; path = RenovationCalculator.app; sourceTree = BUILT_PRODUCTS_DIR; };
		3105BE562F47211F00268CC4 /* RenovationCalculatorApp.swift */ = {isa = PBXFileReference; lastKnownFileType = sourcecode.swift; path = RenovationCalculatorApp.swift; sourceTree = "<group>"; };
		3105BE582F47211F00268CC4 /* MainEstimateView.swift */ = {isa = PBXFileReference; lastKnownFileType = sourcecode.swift; path = MainEstimateView.swift; sourceTree = "<group>"; };
		3105BE5A2F47212000268CC4 /* Assets.xcassets */ = {isa = PBXFileReference; lastKnownFileType = folder.assetcatalog; path = Assets.xcassets; sourceTree = "<group>"; };
		3105BE632F47236900268CC4 /* Category.swift */ = {isa = PBXFileReference; lastKnownFileType = sourcecode.swift; path = Category.swift; sourceTree = "<group>"; };
		3105BE652F4723BA00268CC4 /* WorkSection.swift */ = {isa = PBXFileReference; lastKnownFileType = sourcecode.swift; path = WorkSection.swift; sourceTree = "<group>"; };
		3105BE672F4723C600268CC4 /* WorkItem.swift */ = {isa = PBXFileReference; lastKnownFileType = sourcecode.swift; path = WorkItem.swift; sourceTree = "<group>"; };
		3105BE692F4723DA00268CC4 /* EstimateLine.swift */ = {isa = PBXFileReference; lastKnownFileType = sourcecode.swift; path = EstimateLine.swift; sourceTree = "<group>"; };
		3105BE6F2F4724B900268CC4 /* EstimateCalculator.swift */ = {isa = PBXFileReference; lastKnownFileType = sourcecode.swift; path = EstimateCalculator.swift; sourceTree = "<group>"; };
		3105BE752F4725FA00268CC4 /* RootView.swift */ = {isa = PBXFileReference; lastKnownFileType = sourcecode.swift; path = RootView.swift; sourceTree = "<group>"; };
		3105BE772F472A0C00268CC4 /* Catalog.swift */ = {isa = PBXFileReference; lastKnownFileType = sourcecode.swift; path = Catalog.swift; sourceTree = "<group>"; };
		3105BE792F472DFF00268CC4 /* catalog.json */ = {isa = PBXFileReference; lastKnownFileType = text.json; path = catalog.json; sourceTree = "<group>"; };
		3105BE7C2F472F0300268CC4 /* CatalogLoader.swift */ = {isa = PBXFileReference; lastKnownFileType = sourcecode.swift; path = CatalogLoader.swift; sourceTree = "<group>"; };
		3105BE7E2F47307400268CC4 /* MainEstimateViewModel.swift */ = {isa = PBXFileReference; lastKnownFileType = sourcecode.swift; path = MainEstimateViewModel.swift; sourceTree = "<group>"; };
		3155C19F2F63E0C7005C06F1 /* RoomsInputView.swift */ = {isa = PBXFileReference; lastKnownFileType = sourcecode.swift; path = RoomsInputView.swift; sourceTree = "<group>"; };
		3155C1A12F63E0DD005C06F1 /* RoomsInputViewModel.swift */ = {isa = PBXFileReference; lastKnownFileType = sourcecode.swift; path = RoomsInputViewModel.swift; sourceTree = "<group>"; };
		3155C1A62F63FC54005C06F1 /* Extension+View.swift */ = {isa = PBXFileReference; lastKnownFileType = sourcecode.swift; path = "Extension+View.swift"; sourceTree = "<group>"; };
		3155C1A82F640F91005C06F1 /* QuantitySheetView.swift */ = {isa = PBXFileReference; lastKnownFileType = sourcecode.swift; path = QuantitySheetView.swift; sourceTree = "<group>"; };
		3155C1AC2F642800005C06F1 /* SummarySheetView.swift */ = {isa = PBXFileReference; lastKnownFileType = sourcecode.swift; path = SummarySheetView.swift; sourceTree = "<group>"; };
		3155C1AE2F642AC0005C06F1 /* FinalEstimateView.swift */ = {isa = PBXFileReference; lastKnownFileType = sourcecode.swift; path = FinalEstimateView.swift; sourceTree = "<group>"; };
/* End PBXFileReference section */

/* Begin PBXFrameworksBuildPhase section */
		3105BE502F47211E00268CC4 /* Frameworks */ = {
			isa = PBXFrameworksBuildPhase;
			buildActionMask = 2147483647;
			files = (
			);
			runOnlyForDeploymentPostprocessing = 0;
		};
/* End PBXFrameworksBuildPhase section */

/* Begin PBXGroup section */
		3105BE4A2F47211E00268CC4 = {
			isa = PBXGroup;
			children = (
				3105BE742F4725EC00268CC4 /* App */,
				3105BE622F47232F00268CC4 /* Models */,
				3105BE6E2F47249B00268CC4 /* Services */,
				3155C1A52F63FC2F005C06F1 /* Extension */,
				3105BE712F4724CF00268CC4 /* Views */,
				3105BE7B2F472EE100268CC4 /* DataManager */,
				3105BE612F4722DC00268CC4 /* Resources */,
				3105BE542F47211E00268CC4 /* Products */,
			);
			sourceTree = "<group>";
		};
		3105BE542F47211E00268CC4 /* Products */ = {
			isa = PBXGroup;
			children = (
				3105BE532F47211E00268CC4 /* RenovationCalculator.app */,
			);
			name = Products;
			sourceTree = "<group>";
		};
		3105BE612F4722DC00268CC4 /* Resources */ = {
			isa = PBXGroup;
			children = (
				3105BE5A2F47212000268CC4 /* Assets.xcassets */,
				3105BE792F472DFF00268CC4 /* catalog.json */,
			);
			path = Resources;
			sourceTree = "<group>";
		};
		3105BE622F47232F00268CC4 /* Models */ = {
			isa = PBXGroup;
			children = (
				3105BE772F472A0C00268CC4 /* Catalog.swift */,
				3105BE632F47236900268CC4 /* Category.swift */,
				3105BE652F4723BA00268CC4 /* WorkSection.swift */,
				3105BE672F4723C600268CC4 /* WorkItem.swift */,
				3105BE692F4723DA00268CC4 /* EstimateLine.swift */,
			);
			path = Models;
			sourceTree = "<group>";
		};
		3105BE6E2F47249B00268CC4 /* Services */ = {
			isa = PBXGroup;
			children = (
				3105BE6F2F4724B900268CC4 /* EstimateCalculator.swift */,
			);
			path = Services;
			sourceTree = "<group>";
		};
		3105BE712F4724CF00268CC4 /* Views */ = {
			isa = PBXGroup;
			children = (
				3105BE582F47211F00268CC4 /* MainEstimateView.swift */,
				3155C1AE2F642AC0005C06F1 /* FinalEstimateView.swift */,
				3155C1AC2F642800005C06F1 /* SummarySheetView.swift */,
				3155C1A82F640F91005C06F1 /* QuantitySheetView.swift */,
				3155C19F2F63E0C7005C06F1 /* RoomsInputView.swift */,
				3155C1A12F63E0DD005C06F1 /* RoomsInputViewModel.swift */,
				3105BE7E2F47307400268CC4 /* MainEstimateViewModel.swift */,
			);
			path = Views;
			sourceTree = "<group>";
		};
		3105BE742F4725EC00268CC4 /* App */ = {
			isa = PBXGroup;
			children = (
				3105BE562F47211F00268CC4 /* RenovationCalculatorApp.swift */,
				3105BE752F4725FA00268CC4 /* RootView.swift */,
			);
			path = App;
			sourceTree = "<group>";
		};
		3105BE7B2F472EE100268CC4 /* DataManager */ = {
			isa = PBXGroup;
			children = (
				3105BE7C2F472F0300268CC4 /* CatalogLoader.swift */,
			);
			path = DataManager;
			sourceTree = "<group>";
		};
		3155C1A52F63FC2F005C06F1 /* Extension */ = {
			isa = PBXGroup;
			children = (
				3155C1A62F63FC54005C06F1 /* Extension+View.swift */,
			);
			path = Extension;
			sourceTree = "<group>";
		};
/* End PBXGroup section */

/* Begin PBXNativeTarget section */
		3105BE522F47211E00268CC4 /* RenovationCalculator */ = {
			isa = PBXNativeTarget;
			buildConfigurationList = 3105BE5E2F47212000268CC4 /* Build configuration list for PBXNativeTarget "RenovationCalculator" */;
			buildPhases = (
				3105BE4F2F47211E00268CC4 /* Sources */,
				3105BE502F47211E00268CC4 /* Frameworks */,
				3105BE512F47211E00268CC4 /* Resources */,
			);
			buildRules = (
			);
			dependencies = (
			);
			name = RenovationCalculator;
			packageProductDependencies = (
			);
			productName = RenovationCalculator;
			productReference = 3105BE532F47211E00268CC4 /* RenovationCalculator.app */;
			productType = "com.apple.product-type.application";
		};
/* End PBXNativeTarget section */

/* Begin PBXProject section */
		3105BE4B2F47211E00268CC4 /* Project object */ = {
			isa = PBXProject;
			attributes = {
				BuildIndependentTargetsInParallel = 1;
				LastSwiftUpdateCheck = 2620;
				LastUpgradeCheck = 2630;
				TargetAttributes = {
					3105BE522F47211E00268CC4 = {
						CreatedOnToolsVersion = 26.2;
					};
				};
			};
			buildConfigurationList = 3105BE4E2F47211E00268CC4 /* Build configuration list for PBXProject "RenovationCalculator" */;
			developmentRegion = en;
			hasScannedForEncodings = 0;
			knownRegions = (
				en,
				Base,
			);
			mainGroup = 3105BE4A2F47211E00268CC4;
			minimizedProjectReferenceProxies = 1;
			preferredProjectObjectVersion = 77;
			productRefGroup = 3105BE542F47211E00268CC4 /* Products */;
			projectDirPath = "";
			projectRoot = "";
			targets = (
				3105BE522F47211E00268CC4 /* RenovationCalculator */,
			);
		};
/* End PBXProject section */

/* Begin PBXResourcesBuildPhase section */
		3105BE512F47211E00268CC4 /* Resources */ = {
			isa = PBXResourcesBuildPhase;
			buildActionMask = 2147483647;
			files = (
				3105BE5B2F47212000268CC4 /* Assets.xcassets in Resources */,
				3105BE7A2F472DFF00268CC4 /* catalog.json in Resources */,
			);
			runOnlyForDeploymentPostprocessing = 0;
		};
/* End PBXResourcesBuildPhase section */

/* Begin PBXSourcesBuildPhase section */
		3105BE4F2F47211E00268CC4 /* Sources */ = {
			isa = PBXSourcesBuildPhase;
			buildActionMask = 2147483647;
			files = (
				3105BE762F4725FA00268CC4 /* RootView.swift in Sources */,
				3155C1A92F640F91005C06F1 /* QuantitySheetView.swift in Sources */,
				3155C1A22F63E0DD005C06F1 /* RoomsInputViewModel.swift in Sources */,
				3155C1AD2F642800005C06F1 /* SummarySheetView.swift in Sources */,
				3105BE592F47211F00268CC4 /* MainEstimateView.swift in Sources */,
				3155C1A02F63E0C7005C06F1 /* RoomsInputView.swift in Sources */,
				3105BE7F2F47307400268CC4 /* MainEstimateViewModel.swift in Sources */,
				3105BE7D2F472F0300268CC4 /* CatalogLoader.swift in Sources */,
				3105BE642F47236900268CC4 /* Category.swift in Sources */,
				3105BE782F472A0C00268CC4 /* Catalog.swift in Sources */,
				3155C1AF2F642AC0005C06F1 /* FinalEstimateView.swift in Sources */,
				3105BE702F4724B900268CC4 /* EstimateCalculator.swift in Sources */,
				3105BE682F4723C600268CC4 /* WorkItem.swift in Sources */,
				3155C1A72F63FC54005C06F1 /* Extension+View.swift in Sources */,
				3105BE662F4723BB00268CC4 /* WorkSection.swift in Sources */,
				3105BE572F47211F00268CC4 /* RenovationCalculatorApp.swift in Sources */,
				3105BE6A2F4723DA00268CC4 /* EstimateLine.swift in Sources */,
			);
			runOnlyForDeploymentPostprocessing = 0;
		};
/* End PBXSourcesBuildPhase section */

/* Begin XCBuildConfiguration section */
		3105BE5C2F47212000268CC4 /* Debug */ = {
			isa = XCBuildConfiguration;
			buildSettings = {
				ALWAYS_SEARCH_USER_PATHS = NO;
				ASSETCATALOG_COMPILER_GENERATE_SWIFT_ASSET_SYMBOL_EXTENSIONS = YES;
				CLANG_ANALYZER_NONNULL = YES;
				CLANG_ANALYZER_NUMBER_OBJECT_CONVERSION = YES_AGGRESSIVE;
				CLANG_CXX_LANGUAGE_STANDARD = "gnu++20";
				CLANG_ENABLE_MODULES = YES;
				CLANG_ENABLE_OBJC_ARC = YES;
				CLANG_ENABLE_OBJC_WEAK = YES;
				CLANG_WARN_BLOCK_CAPTURE_AUTORELEASING = YES;
				CLANG_WARN_BOOL_CONVERSION = YES;
				CLANG_WARN_COMMA = YES;
				CLANG_WARN_CONSTANT_CONVERSION = YES;
				CLANG_WARN_DEPRECATED_OBJC_IMPLEMENTATIONS = YES;
				CLANG_WARN_DIRECT_OBJC_ISA_USAGE = YES_ERROR;
				CLANG_WARN_DOCUMENTATION_COMMENTS = YES;
				CLANG_WARN_EMPTY_BODY = YES;
				CLANG_WARN_ENUM_CONVERSION = YES;
				CLANG_WARN_INFINITE_RECURSION = YES;
				CLANG_WARN_INT_CONVERSION = YES;
				CLANG_WARN_NON_LITERAL_NULL_CONVERSION = YES;
				CLANG_WARN_OBJC_IMPLICIT_RETAIN_SELF = YES;
				CLANG_WARN_OBJC_LITERAL_CONVERSION = YES;
				CLANG_WARN_OBJC_ROOT_CLASS = YES_ERROR;
				CLANG_WARN_QUOTED_INCLUDE_IN_FRAMEWORK_HEADER = YES;
				CLANG_WARN_RANGE_LOOP_ANALYSIS = YES;
				CLANG_WARN_STRICT_PROTOTYPES = YES;
				CLANG_WARN_SUSPICIOUS_MOVE = YES;
				CLANG_WARN_UNGUARDED_AVAILABILITY = YES_AGGRESSIVE;
				CLANG_WARN_UNREACHABLE_CODE = YES;
				CLANG_WARN__DUPLICATE_METHOD_MATCH = YES;
				COPY_PHASE_STRIP = NO;
				DEBUG_INFORMATION_FORMAT = dwarf;
				DEVELOPMENT_TEAM = HZU66MWZY7;
				ENABLE_STRICT_OBJC_MSGSEND = YES;
				ENABLE_TESTABILITY = YES;
				ENABLE_USER_SCRIPT_SANDBOXING = YES;
				GCC_C_LANGUAGE_STANDARD = gnu17;
				GCC_DYNAMIC_NO_PIC = NO;
				GCC_NO_COMMON_BLOCKS = YES;
				GCC_OPTIMIZATION_LEVEL = 0;
				GCC_PREPROCESSOR_DEFINITIONS = (
					"DEBUG=1",
					"$(inherited)",
				);
				GCC_WARN_64_TO_32_BIT_CONVERSION = YES;
				GCC_WARN_ABOUT_RETURN_TYPE = YES_ERROR;
				GCC_WARN_UNDECLARED_SELECTOR = YES;
				GCC_WARN_UNINITIALIZED_AUTOS = YES_AGGRESSIVE;
				GCC_WARN_UNUSED_FUNCTION = YES;
				GCC_WARN_UNUSED_VARIABLE = YES;
				IPHONEOS_DEPLOYMENT_TARGET = 26.2;
				LOCALIZATION_PREFERS_STRING_CATALOGS = YES;
				MTL_ENABLE_DEBUG_INFO = INCLUDE_SOURCE;
				MTL_FAST_MATH = YES;
				ONLY_ACTIVE_ARCH = YES;
				SDKROOT = iphoneos;
				STRING_CATALOG_GENERATE_SYMBOLS = YES;
				SWIFT_ACTIVE_COMPILATION_CONDITIONS = "DEBUG $(inherited)";
				SWIFT_OPTIMIZATION_LEVEL = "-Onone";
			};
			name = Debug;
		};
		3105BE5D2F47212000268CC4 /* Release */ = {
			isa = XCBuildConfiguration;
			buildSettings = {
				ALWAYS_SEARCH_USER_PATHS = NO;
				ASSETCATALOG_COMPILER_GENERATE_SWIFT_ASSET_SYMBOL_EXTENSIONS = YES;
				CLANG_ANALYZER_NONNULL = YES;
				CLANG_ANALYZER_NUMBER_OBJECT_CONVERSION = YES_AGGRESSIVE;
				CLANG_CXX_LANGUAGE_STANDARD = "gnu++20";
				CLANG_ENABLE_MODULES = YES;
				CLANG_ENABLE_OBJC_ARC = YES;
				CLANG_ENABLE_OBJC_WEAK = YES;
				CLANG_WARN_BLOCK_CAPTURE_AUTORELEASING = YES;
				CLANG_WARN_BOOL_CONVERSION = YES;
				CLANG_WARN_COMMA = YES;
				CLANG_WARN_CONSTANT_CONVERSION = YES;
				CLANG_WARN_DEPRECATED_OBJC_IMPLEMENTATIONS = YES;
				CLANG_WARN_DIRECT_OBJC_ISA_USAGE = YES_ERROR;
				CLANG_WARN_DOCUMENTATION_COMMENTS = YES;
				CLANG_WARN_EMPTY_BODY = YES;
				CLANG_WARN_ENUM_CONVERSION = YES;
				CLANG_WARN_INFINITE_RECURSION = YES;
				CLANG_WARN_INT_CONVERSION = YES;
				CLANG_WARN_NON_LITERAL_NULL_CONVERSION = YES;
				CLANG_WARN_OBJC_IMPLICIT_RETAIN_SELF = YES;
				CLANG_WARN_OBJC_LITERAL_CONVERSION = YES;
				CLANG_WARN_OBJC_ROOT_CLASS = YES_ERROR;
				CLANG_WARN_QUOTED_INCLUDE_IN_FRAMEWORK_HEADER = YES;
				CLANG_WARN_RANGE_LOOP_ANALYSIS = YES;
				CLANG_WARN_STRICT_PROTOTYPES = YES;
				CLANG_WARN_SUSPICIOUS_MOVE = YES;
				CLANG_WARN_UNGUARDED_AVAILABILITY = YES_AGGRESSIVE;
				CLANG_WARN_UNREACHABLE_CODE = YES;
				CLANG_WARN__DUPLICATE_METHOD_MATCH = YES;
				COPY_PHASE_STRIP = NO;
				DEBUG_INFORMATION_FORMAT = "dwarf-with-dsym";
				DEVELOPMENT_TEAM = HZU66MWZY7;
				ENABLE_NS_ASSERTIONS = NO;
				ENABLE_STRICT_OBJC_MSGSEND = YES;
				ENABLE_USER_SCRIPT_SANDBOXING = YES;
				GCC_C_LANGUAGE_STANDARD = gnu17;
				GCC_NO_COMMON_BLOCKS = YES;
				GCC_WARN_64_TO_32_BIT_CONVERSION = YES;
				GCC_WARN_ABOUT_RETURN_TYPE = YES_ERROR;
				GCC_WARN_UNDECLARED_SELECTOR = YES;
				GCC_WARN_UNINITIALIZED_AUTOS = YES_AGGRESSIVE;
				GCC_WARN_UNUSED_FUNCTION = YES;
				GCC_WARN_UNUSED_VARIABLE = YES;
				IPHONEOS_DEPLOYMENT_TARGET = 26.2;
				LOCALIZATION_PREFERS_STRING_CATALOGS = YES;
				MTL_ENABLE_DEBUG_INFO = NO;
				MTL_FAST_MATH = YES;
				SDKROOT = iphoneos;
				STRING_CATALOG_GENERATE_SYMBOLS = YES;
				SWIFT_COMPILATION_MODE = wholemodule;
				VALIDATE_PRODUCT = YES;
			};
			name = Release;
		};
		3105BE5F2F47212000268CC4 /* Debug */ = {
			isa = XCBuildConfiguration;
			buildSettings = {
				ASSETCATALOG_COMPILER_APPICON_NAME = AppIcon;
				ASSETCATALOG_COMPILER_GLOBAL_ACCENT_COLOR_NAME = AccentColor;
				CODE_SIGN_STYLE = Automatic;
				CURRENT_PROJECT_VERSION = 1;
				DEVELOPMENT_TEAM = HZU66MWZY7;
				ENABLE_PREVIEWS = YES;
				GENERATE_INFOPLIST_FILE = YES;
				INFOPLIST_KEY_UIApplicationSceneManifest_Generation = YES;
				INFOPLIST_KEY_UIApplicationSupportsIndirectInputEvents = YES;
				INFOPLIST_KEY_UILaunchScreen_Generation = YES;
				INFOPLIST_KEY_UISupportedInterfaceOrientations_iPad = "UIInterfaceOrientationPortrait UIInterfaceOrientationPortraitUpsideDown UIInterfaceOrientationLandscapeLeft UIInterfaceOrientationLandscapeRight";
				INFOPLIST_KEY_UISupportedInterfaceOrientations_iPhone = "UIInterfaceOrientationPortrait UIInterfaceOrientationLandscapeLeft UIInterfaceOrientationLandscapeRight";
				LD_RUNPATH_SEARCH_PATHS = (
					"$(inherited)",
					"@executable_path/Frameworks",
				);
				MARKETING_VERSION = 1.0;
				PRODUCT_BUNDLE_IDENTIFIER = com.ArtemKudryavtsev.ToDoListProject.RenovationCalculator;
				PRODUCT_NAME = "$(TARGET_NAME)";
				STRING_CATALOG_GENERATE_SYMBOLS = YES;
				SWIFT_APPROACHABLE_CONCURRENCY = YES;
				SWIFT_DEFAULT_ACTOR_ISOLATION = MainActor;
				SWIFT_EMIT_LOC_STRINGS = YES;
				SWIFT_UPCOMING_FEATURE_MEMBER_IMPORT_VISIBILITY = YES;
				SWIFT_VERSION = 5.0;
				TARGETED_DEVICE_FAMILY = "1,2";
			};
			name = Debug;
		};
		3105BE602F47212000268CC4 /* Release */ = {
			isa = XCBuildConfiguration;
			buildSettings = {
				ASSETCATALOG_COMPILER_APPICON_NAME = AppIcon;
				ASSETCATALOG_COMPILER_GLOBAL_ACCENT_COLOR_NAME = AccentColor;
				CODE_SIGN_STYLE = Automatic;
				CURRENT_PROJECT_VERSION = 1;
				DEVELOPMENT_TEAM = HZU66MWZY7;
				ENABLE_PREVIEWS = YES;
				GENERATE_INFOPLIST_FILE = YES;
				INFOPLIST_KEY_UIApplicationSceneManifest_Generation = YES;
				INFOPLIST_KEY_UIApplicationSupportsIndirectInputEvents = YES;
				INFOPLIST_KEY_UILaunchScreen_Generation = YES;
				INFOPLIST_KEY_UISupportedInterfaceOrientations_iPad = "UIInterfaceOrientationPortrait UIInterfaceOrientationPortraitUpsideDown UIInterfaceOrientationLandscapeLeft UIInterfaceOrientationLandscapeRight";
				INFOPLIST_KEY_UISupportedInterfaceOrientations_iPhone = "UIInterfaceOrientationPortrait UIInterfaceOrientationLandscapeLeft UIInterfaceOrientationLandscapeRight";
				LD_RUNPATH_SEARCH_PATHS = (
					"$(inherited)",
					"@executable_path/Frameworks",
				);
				MARKETING_VERSION = 1.0;
				PRODUCT_BUNDLE_IDENTIFIER = com.ArtemKudryavtsev.ToDoListProject.RenovationCalculator;
				PRODUCT_NAME = "$(TARGET_NAME)";
				STRING_CATALOG_GENERATE_SYMBOLS = YES;
				SWIFT_APPROACHABLE_CONCURRENCY = YES;
				SWIFT_DEFAULT_ACTOR_ISOLATION = MainActor;
				SWIFT_EMIT_LOC_STRINGS = YES;
				SWIFT_UPCOMING_FEATURE_MEMBER_IMPORT_VISIBILITY = YES;
				SWIFT_VERSION = 5.0;
				TARGETED_DEVICE_FAMILY = "1,2";
			};
			name = Release;
		};
/* End XCBuildConfiguration section */

/* Begin XCConfigurationList section */
		3105BE4E2F47211E00268CC4 /* Build configuration list for PBXProject "RenovationCalculator" */ = {
			isa = XCConfigurationList;
			buildConfigurations = (
				3105BE5C2F47212000268CC4 /* Debug */,
				3105BE5D2F47212000268CC4 /* Release */,
			);
			defaultConfigurationIsVisible = 0;
			defaultConfigurationName = Release;
		};
		3105BE5E2F47212000268CC4 /* Build configuration list for PBXNativeTarget "RenovationCalculator" */ = {
			isa = XCConfigurationList;
			buildConfigurations = (
				3105BE5F2F47212000268CC4 /* Debug */,
				3105BE602F47212000268CC4 /* Release */,
			);
			defaultConfigurationIsVisible = 0;
			defaultConfigurationName = Release;
		};
/* End XCConfigurationList section */
	};
	rootObject = 3105BE4B2F47211E00268CC4 /* Project object */;
}
